
Microsoft Visual Studio Solution File, Format Version 12.00
# Visual Studio Version 17
VisualStudioVersion = 17.11.35222.181
MinimumVisualStudioVersion = 10.0.40219.1
Project("{FAE04EC0-301F-11D3-BF4B-00C04F79EFBC}") = "Lab4CSharp work with WindowsForm", "Lab4CSharp work with WindowsForm.csproj", "{5024CB51-286A-44EC-908B-0CB3C39AE808}"
EndProject
Global
	GlobalSection(SolutionConfigurationPlatforms) = preSolution
		Debug|Any CPU = Debug|Any CPU
		Release|Any CPU = Release|Any CPU
	EndGlobalSection
	GlobalSection(ProjectConfigurationPlatforms) = postSolution
		{5024CB51-286A-44EC-908B-0CB3C39AE808}.Debug|Any CPU.ActiveCfg = Debug|Any CPU
		{5024CB51-286A-44EC-908B-0CB3C39AE808}.Debug|Any CPU.Build.0 = Debug|Any CPU
		{5024CB51-286A-44EC-908B-0CB3C39AE808}.Release|Any CPU.ActiveCfg = Release|Any CPU
		{5024CB51-286A-44EC-908B-0CB3C39AE808}.Release|Any CPU.Build.0 = Release|Any CPU
	EndGlobalSection
	GlobalSection(SolutionProperties) = preSolution
		HideSolutionNode = FALSE
	EndGlobalSection
	GlobalSection(ExtensibilityGlobals) = postSolution
		SolutionGuid = {890572D2-EC46-4216-8C70-D264F233112A}
	EndGlobalSection
EndGlobal
